
Microsoft Visual Studio Solution File, Format Version 12.00
# Visual Studio Version 16
VisualStudioVersion = 16.0.810.20
MinimumVisualStudioVersion = 10.0.40219.1
Project("{FAE04EC0-301F-11D3-BF4B-00C04F79EFBC}") = "Wovels", "Wovels.csproj", "{583ADAD6-9DE6-4885-8556-F366A239FD4B}"
EndProject
Global
	GlobalSection(SolutionConfigurationPlatforms) = preSolution
		Debug|Any CPU = Debug|Any CPU
		Release|Any CPU = Release|Any CPU
	EndGlobalSection
	GlobalSection(ProjectConfigurationPlatforms) = postSolution
		{583ADAD6-9DE6-4885-8556-F366A239FD4B}.Debug|Any CPU.ActiveCfg = Debug|Any CPU
		{583ADAD6-9DE6-4885-8556-F366A239FD4B}.Debug|Any CPU.Build.0 = Debug|Any CPU
		{583ADAD6-9DE6-4885-8556-F366A239FD4B}.Release|Any CPU.ActiveCfg = Release|Any CPU
		{583ADAD6-9DE6-4885-8556-F366A239FD4B}.Release|Any CPU.Build.0 = Release|Any CPU
	EndGlobalSection
	GlobalSection(SolutionProperties) = preSolution
		HideSolutionNode = FALSE
	EndGlobalSection
	GlobalSection(ExtensibilityGlobals) = postSolution
		SolutionGuid = {D4B25B03-884F-4167-B8D9-D7AE24E74E8B}
	EndGlobalSection
EndGlobal
