
Microsoft Visual Studio Solution File, Format Version 12.00
# Visual Studio Version 16
VisualStudioVersion = 16.0.810.20
MinimumVisualStudioVersion = 10.0.40219.1
Project("{FAE04EC0-301F-11D3-BF4B-00C04F79EFBC}") = "Factorial3", "Factorial3\Factorial3.csproj", "{C1D0FBC7-2D7E-4BD2-A073-0E5114191C17}"
EndProject
Global
	GlobalSection(SolutionConfigurationPlatforms) = preSolution
		Debug|Any CPU = Debug|Any CPU
		Release|Any CPU = Release|Any CPU
	EndGlobalSection
	GlobalSection(ProjectConfigurationPlatforms) = postSolution
		{C1D0FBC7-2D7E-4BD2-A073-0E5114191C17}.Debug|Any CPU.ActiveCfg = Debug|Any CPU
		{C1D0FBC7-2D7E-4BD2-A073-0E5114191C17}.Debug|Any CPU.Build.0 = Debug|Any CPU
		{C1D0FBC7-2D7E-4BD2-A073-0E5114191C17}.Release|Any CPU.ActiveCfg = Release|Any CPU
		{C1D0FBC7-2D7E-4BD2-A073-0E5114191C17}.Release|Any CPU.Build.0 = Release|Any CPU
	EndGlobalSection
	GlobalSection(SolutionProperties) = preSolution
		HideSolutionNode = FALSE
	EndGlobalSection
	GlobalSection(ExtensibilityGlobals) = postSolution
		SolutionGuid = {2170A6E8-9D07-4E7A-8F67-D0EDD277FF98}
	EndGlobalSection
EndGlobal
